
Microsoft Visual Studio Solution File, Format Version 12.00
# Visual Studio Version 17
VisualStudioVersion = 17.0.31919.166
MinimumVisualStudioVersion = 10.0.40219.1
Project("{9A19103F-16F7-4668-BE54-9A1E7A4F7556}") = "ProjetoElevador", "ProjetoElevador.csproj", "{66E66C83-39E2-4728-92B4-DE71C81D8D81}"
EndProject
Global
	GlobalSection(SolutionConfigurationPlatforms) = preSolution
		Debug|Any CPU = Debug|Any CPU
		Release|Any CPU = Release|Any CPU
	EndGlobalSection
	GlobalSection(ProjectConfigurationPlatforms) = postSolution
		{66E66C83-39E2-4728-92B4-DE71C81D8D81}.Debug|Any CPU.ActiveCfg = Debug|Any CPU
		{66E66C83-39E2-4728-92B4-DE71C81D8D81}.Debug|Any CPU.Build.0 = Debug|Any CPU
		{66E66C83-39E2-4728-92B4-DE71C81D8D81}.Release|Any CPU.ActiveCfg = Release|Any CPU
		{66E66C83-39E2-4728-92B4-DE71C81D8D81}.Release|Any CPU.Build.0 = Release|Any CPU
	EndGlobalSection
	GlobalSection(SolutionProperties) = preSolution
		HideSolutionNode = FALSE
	EndGlobalSection
	GlobalSection(ExtensibilityGlobals) = postSolution
		SolutionGuid = {8F7C5D23-6041-4BE5-9D74-EE56FCF514B5}
	EndGlobalSection
EndGlobal
